
Microsoft Visual Studio Solution File, Format Version 12.00
# Visual Studio Version 17
VisualStudioVersion = 17.1.32210.238
MinimumVisualStudioVersion = 10.0.40219.1
Project("{9A19103F-16F7-4668-BE54-9A1E7A4F7556}") = "Challenge_TheMakingsOfAProgrammer", "Challenge_TheMakingsOfAProgrammer\Challenge_TheMakingsOfAProgrammer.csproj", "{0EEE8173-909C-498B-ACB3-B0257AE751C2}"
EndProject
Project("{9A19103F-16F7-4668-BE54-9A1E7A4F7556}") = "ConsolasAndTelim", "ConsolasAndTelim\ConsolasAndTelim.csproj", "{32F6C9BB-40FD-4FB8-BAD9-C9BAA50CC0DA}"
EndProject
Project("{9A19103F-16F7-4668-BE54-9A1E7A4F7556}") = "TheThingNamer3000", "TheThingNamer3000\TheThingNamer3000.csproj", "{95561D5F-B802-40B8-B5E1-3FD650A2E06A}"
EndProject
Project("{9A19103F-16F7-4668-BE54-9A1E7A4F7556}") = "TheTriangleFarmer", "TheTriangleFarmer\TheTriangleFarmer.csproj", "{9A2F6D5F-2656-416A-A60E-361257EC05FC}"
EndProject
Project("{9A19103F-16F7-4668-BE54-9A1E7A4F7556}") = "TheFourSistersAndTheDuckbear", "TheFourSistersAndTheDuckbear\TheFourSistersAndTheDuckbear.csproj", "{5E0E7476-8E66-4A03-985F-D6B8D1C45561}"
EndProject
Project("{9A19103F-16F7-4668-BE54-9A1E7A4F7556}") = "TheDominionOfKings", "TheDominionOfKings\TheDominionOfKings.csproj", "{5439708C-41FD-4788-96A2-FE006B6D5AA4}"
EndProject
Project("{9A19103F-16F7-4668-BE54-9A1E7A4F7556}") = "TheDefenseOfConsolas", "TheDefenseOfConsolas\TheDefenseOfConsolas.csproj", "{72C213FE-F703-4E80-A3ED-BDD4A1DF9A62}"
EndProject
Project("{9A19103F-16F7-4668-BE54-9A1E7A4F7556}") = "RepairingTheClocktower", "RepairingTheClocktower\RepairingTheClocktower.csproj", "{37AEF95F-F942-49E4-B4A0-D9E963CC5D15}"
EndProject
Project("{9A19103F-16F7-4668-BE54-9A1E7A4F7556}") = "Watchtower", "Watchtower\Watchtower.csproj", "{C7ACAFB9-812F-4AD0-8C21-6C983B10FFB3}"
EndProject
Project("{9A19103F-16F7-4668-BE54-9A1E7A4F7556}") = "BuyingInventory", "BuyingInventory\BuyingInventory.csproj", "{488E519E-3279-4F61-8C00-C60CC238D654}"
EndProject
Project("{9A19103F-16F7-4668-BE54-9A1E7A4F7556}") = "DiscountedInventory", "DiscountedInventory\DiscountedInventory.csproj", "{EDD594B9-B019-438F-8560-D46843A66DF5}"
EndProject
Project("{9A19103F-16F7-4668-BE54-9A1E7A4F7556}") = "ThePrototype", "ThePrototype\ThePrototype.csproj", "{3F6A2176-ECC1-473D-AD95-AAF230E9D342}"
EndProject
Project("{FAE04EC0-301F-11D3-BF4B-00C04F79EFBC}") = "TheMagicCannon", "TheMagicCannon\TheMagicCannon.csproj", "{917A00B3-3FB4-4C3F-93A6-E98164B6C7E8}"
EndProject
Project("{FAE04EC0-301F-11D3-BF4B-00C04F79EFBC}") = "TheReplicatorOfD'To", "TheReplicatorOfD'To\TheReplicatorOfD'To.csproj", "{F456F5D4-BD1E-4025-BB23-C65842E7F92F}"
EndProject
Project("{FAE04EC0-301F-11D3-BF4B-00C04F79EFBC}") = "TheLawsOfFreach", "TheLawsOfFreach\TheLawsOfFreach.csproj", "{11EF5D19-621F-437E-AB75-B4F70AA68BC9}"
EndProject
Global
	GlobalSection(SolutionConfigurationPlatforms) = preSolution
		Debug|Any CPU = Debug|Any CPU
		Release|Any CPU = Release|Any CPU
	EndGlobalSection
	GlobalSection(ProjectConfigurationPlatforms) = postSolution
		{0EEE8173-909C-498B-ACB3-B0257AE751C2}.Debug|Any CPU.ActiveCfg = Debug|Any CPU
		{0EEE8173-909C-498B-ACB3-B0257AE751C2}.Debug|Any CPU.Build.0 = Debug|Any CPU
		{0EEE8173-909C-498B-ACB3-B0257AE751C2}.Release|Any CPU.ActiveCfg = Release|Any CPU
		{0EEE8173-909C-498B-ACB3-B0257AE751C2}.Release|Any CPU.Build.0 = Release|Any CPU
		{32F6C9BB-40FD-4FB8-BAD9-C9BAA50CC0DA}.Debug|Any CPU.ActiveCfg = Debug|Any CPU
		{32F6C9BB-40FD-4FB8-BAD9-C9BAA50CC0DA}.Debug|Any CPU.Build.0 = Debug|Any CPU
		{32F6C9BB-40FD-4FB8-BAD9-C9BAA50CC0DA}.Release|Any CPU.ActiveCfg = Release|Any CPU
		{32F6C9BB-40FD-4FB8-BAD9-C9BAA50CC0DA}.Release|Any CPU.Build.0 = Release|Any CPU
		{95561D5F-B802-40B8-B5E1-3FD650A2E06A}.Debug|Any CPU.ActiveCfg = Debug|Any CPU
		{95561D5F-B802-40B8-B5E1-3FD650A2E06A}.Debug|Any CPU.Build.0 = Debug|Any CPU
		{95561D5F-B802-40B8-B5E1-3FD650A2E06A}.Release|Any CPU.ActiveCfg = Release|Any CPU
		{95561D5F-B802-40B8-B5E1-3FD650A2E06A}.Release|Any CPU.Build.0 = Release|Any CPU
		{9A2F6D5F-2656-416A-A60E-361257EC05FC}.Debug|Any CPU.ActiveCfg = Debug|Any CPU
		{9A2F6D5F-2656-416A-A60E-361257EC05FC}.Debug|Any CPU.Build.0 = Debug|Any CPU
		{9A2F6D5F-2656-416A-A60E-361257EC05FC}.Release|Any CPU.ActiveCfg = Release|Any CPU
		{9A2F6D5F-2656-416A-A60E-361257EC05FC}.Release|Any CPU.Build.0 = Release|Any CPU
		{5E0E7476-8E66-4A03-985F-D6B8D1C45561}.Debug|Any CPU.ActiveCfg = Debug|Any CPU
		{5E0E7476-8E66-4A03-985F-D6B8D1C45561}.Debug|Any CPU.Build.0 = Debug|Any CPU
		{5E0E7476-8E66-4A03-985F-D6B8D1C45561}.Release|Any CPU.ActiveCfg = Release|Any CPU
		{5E0E7476-8E66-4A03-985F-D6B8D1C45561}.Release|Any CPU.Build.0 = Release|Any CPU
		{5439708C-41FD-4788-96A2-FE006B6D5AA4}.Debug|Any CPU.ActiveCfg = Debug|Any CPU
		{5439708C-41FD-4788-96A2-FE006B6D5AA4}.Debug|Any CPU.Build.0 = Debug|Any CPU
		{5439708C-41FD-4788-96A2-FE006B6D5AA4}.Release|Any CPU.ActiveCfg = Release|Any CPU
		{5439708C-41FD-4788-96A2-FE006B6D5AA4}.Release|Any CPU.Build.0 = Release|Any CPU
		{72C213FE-F703-4E80-A3ED-BDD4A1DF9A62}.Debug|Any CPU.ActiveCfg = Debug|Any CPU
		{72C213FE-F703-4E80-A3ED-BDD4A1DF9A62}.Debug|Any CPU.Build.0 = Debug|Any CPU
		{72C213FE-F703-4E80-A3ED-BDD4A1DF9A62}.Release|Any CPU.ActiveCfg = Release|Any CPU
		{72C213FE-F703-4E80-A3ED-BDD4A1DF9A62}.Release|Any CPU.Build.0 = Release|Any CPU
		{37AEF95F-F942-49E4-B4A0-D9E963CC5D15}.Debug|Any CPU.ActiveCfg = Debug|Any CPU
		{37AEF95F-F942-49E4-B4A0-D9E963CC5D15}.Debug|Any CPU.Build.0 = Debug|Any CPU
		{37AEF95F-F942-49E4-B4A0-D9E963CC5D15}.Release|Any CPU.ActiveCfg = Release|Any CPU
		{37AEF95F-F942-49E4-B4A0-D9E963CC5D15}.Release|Any CPU.Build.0 = Release|Any CPU
		{C7ACAFB9-812F-4AD0-8C21-6C983B10FFB3}.Debug|Any CPU.ActiveCfg = Debug|Any CPU
		{C7ACAFB9-812F-4AD0-8C21-6C983B10FFB3}.Debug|Any CPU.Build.0 = Debug|Any CPU
		{C7ACAFB9-812F-4AD0-8C21-6C983B10FFB3}.Release|Any CPU.ActiveCfg = Release|Any CPU
		{C7ACAFB9-812F-4AD0-8C21-6C983B10FFB3}.Release|Any CPU.Build.0 = Release|Any CPU
		{488E519E-3279-4F61-8C00-C60CC238D654}.Debug|Any CPU.ActiveCfg = Debug|Any CPU
		{488E519E-3279-4F61-8C00-C60CC238D654}.Debug|Any CPU.Build.0 = Debug|Any CPU
		{488E519E-3279-4F61-8C00-C60CC238D654}.Release|Any CPU.ActiveCfg = Release|Any CPU
		{488E519E-3279-4F61-8C00-C60CC238D654}.Release|Any CPU.Build.0 = Release|Any CPU
		{EDD594B9-B019-438F-8560-D46843A66DF5}.Debug|Any CPU.ActiveCfg = Debug|Any CPU
		{EDD594B9-B019-438F-8560-D46843A66DF5}.Debug|Any CPU.Build.0 = Debug|Any CPU
		{EDD594B9-B019-438F-8560-D46843A66DF5}.Release|Any CPU.ActiveCfg = Release|Any CPU
		{EDD594B9-B019-438F-8560-D46843A66DF5}.Release|Any CPU.Build.0 = Release|Any CPU
		{3F6A2176-ECC1-473D-AD95-AAF230E9D342}.Debug|Any CPU.ActiveCfg = Debug|Any CPU
		{3F6A2176-ECC1-473D-AD95-AAF230E9D342}.Debug|Any CPU.Build.0 = Debug|Any CPU
		{3F6A2176-ECC1-473D-AD95-AAF230E9D342}.Release|Any CPU.ActiveCfg = Release|Any CPU
		{3F6A2176-ECC1-473D-AD95-AAF230E9D342}.Release|Any CPU.Build.0 = Release|Any CPU
		{917A00B3-3FB4-4C3F-93A6-E98164B6C7E8}.Debug|Any CPU.ActiveCfg = Debug|Any CPU
		{917A00B3-3FB4-4C3F-93A6-E98164B6C7E8}.Debug|Any CPU.Build.0 = Debug|Any CPU
		{917A00B3-3FB4-4C3F-93A6-E98164B6C7E8}.Release|Any CPU.ActiveCfg = Release|Any CPU
		{917A00B3-3FB4-4C3F-93A6-E98164B6C7E8}.Release|Any CPU.Build.0 = Release|Any CPU
		{F456F5D4-BD1E-4025-BB23-C65842E7F92F}.Debug|Any CPU.ActiveCfg = Debug|Any CPU
		{F456F5D4-BD1E-4025-BB23-C65842E7F92F}.Debug|Any CPU.Build.0 = Debug|Any CPU
		{F456F5D4-BD1E-4025-BB23-C65842E7F92F}.Release|Any CPU.ActiveCfg = Release|Any CPU
		{F456F5D4-BD1E-4025-BB23-C65842E7F92F}.Release|Any CPU.Build.0 = Release|Any CPU
		{11EF5D19-621F-437E-AB75-B4F70AA68BC9}.Debug|Any CPU.ActiveCfg = Debug|Any CPU
		{11EF5D19-621F-437E-AB75-B4F70AA68BC9}.Debug|Any CPU.Build.0 = Debug|Any CPU
		{11EF5D19-621F-437E-AB75-B4F70AA68BC9}.Release|Any CPU.ActiveCfg = Release|Any CPU
		{11EF5D19-621F-437E-AB75-B4F70AA68BC9}.Release|Any CPU.Build.0 = Release|Any CPU
	EndGlobalSection
	GlobalSection(SolutionProperties) = preSolution
		HideSolutionNode = FALSE
	EndGlobalSection
	GlobalSection(ExtensibilityGlobals) = postSolution
		SolutionGuid = {60E45518-EC7C-479A-97C7-B008E64D8507}
	EndGlobalSection
EndGlobal
